
Microsoft Visual Studio Solution File, Format Version 12.00
# Visual Studio Version 17
VisualStudioVersion = 17.8.34511.84
MinimumVisualStudioVersion = 10.0.40219.1
Project("{FAE04EC0-301F-11D3-BF4B-00C04F79EFBC}") = "webapi", "webapi\webapi.csproj", "{B169A2B5-ECCB-4966-ACE6-352CFF28F768}"
EndProject
Global
	GlobalSection(SolutionConfigurationPlatforms) = preSolution
		Debug|Any CPU = Debug|Any CPU
		Release|Any CPU = Release|Any CPU
	EndGlobalSection
	GlobalSection(ProjectConfigurationPlatforms) = postSolution
		{B169A2B5-ECCB-4966-ACE6-352CFF28F768}.Debug|Any CPU.ActiveCfg = Debug|Any CPU
		{B169A2B5-ECCB-4966-ACE6-352CFF28F768}.Debug|Any CPU.Build.0 = Debug|Any CPU
		{B169A2B5-ECCB-4966-ACE6-352CFF28F768}.Release|Any CPU.ActiveCfg = Release|Any CPU
		{B169A2B5-ECCB-4966-ACE6-352CFF28F768}.Release|Any CPU.Build.0 = Release|Any CPU
	EndGlobalSection
	GlobalSection(SolutionProperties) = preSolution
		HideSolutionNode = FALSE
	EndGlobalSection
	GlobalSection(ExtensibilityGlobals) = postSolution
		SolutionGuid = {8C196071-5560-4B90-900E-DCEEC6BC9E80}
	EndGlobalSection
EndGlobal
